version: 6
environments:
  default:
    channels:
    - url: https://conda.anaconda.org/conda-forge/
    indexes:
    - https://pypi.org/simple
    packages:
      win-64:
      - conda: https://conda.anaconda.org/conda-forge/noarch/asgiref-3.11.0-pyhd8ed1ab_0.conda
      - conda: https://conda.anaconda.org/conda-forge/win-64/bzip2-1.0.8-h0ad9c76_8.conda
      - conda: https://conda.anaconda.org/conda-forge/noarch/ca-certificates-2025.11.12-h4c7d964_0.conda
      - conda: https://conda.anaconda.org/conda-forge/noarch/django-5.2.8-pyhd8ed1ab_0.conda
      - conda: https://conda.anaconda.org/conda-forge/win-64/icu-75.1-he0c23c2_0.conda
      - conda: https://conda.anaconda.org/conda-forge/win-64/krb5-1.21.3-hdf4eb48_0.conda
      - conda: https://conda.anaconda.org/conda-forge/win-64/libexpat-2.7.3-hac47afa_0.conda
      - conda: https://conda.anaconda.org/conda-forge/win-64/libffi-3.5.2-h52bdfb6_0.conda
      - conda: https://conda.anaconda.org/conda-forge/win-64/liblzma-5.8.1-h2466b09_2.conda
      - conda: https://conda.anaconda.org/conda-forge/win-64/libmpdec-4.0.0-h2466b09_0.conda
      - conda: https://conda.anaconda.org/conda-forge/win-64/libpq-18.1-h7c87ebf_2.conda
      - conda: https://conda.anaconda.org/conda-forge/win-64/libsqlite-3.51.1-hf5d6505_0.conda
      - conda: https://conda.anaconda.org/conda-forge/win-64/libzlib-1.3.1-h2466b09_2.conda
      - conda: https://conda.anaconda.org/conda-forge/win-64/openssl-3.6.0-h725018a_0.conda
      - conda: https://conda.anaconda.org/conda-forge/win-64/psycopg2-2.9.10-py314h3cd40a6_4.conda
      - conda: https://conda.anaconda.org/conda-forge/noarch/psycopg2-binary-2.9.10-pyhd8ed1ab_1.conda
      - conda: https://conda.anaconda.org/conda-forge/win-64/python-3.14.0-h4b44e0e_102_cp314.conda
      - conda: https://conda.anaconda.org/conda-forge/noarch/python_abi-3.14-8_cp314.conda
      - conda: https://conda.anaconda.org/conda-forge/noarch/sqlparse-0.5.4-pyhcf101f3_1.conda
      - conda: https://conda.anaconda.org/conda-forge/win-64/tk-8.6.13-h2c6b04d_3.conda
      - conda: https://conda.anaconda.org/conda-forge/noarch/typing_extensions-4.15.0-pyhcf101f3_0.conda
      - conda: https://conda.anaconda.org/conda-forge/noarch/tzdata-2025b-h78e105d_0.conda
      - conda: https://conda.anaconda.org/conda-forge/win-64/ucrt-10.0.26100.0-h57928b3_0.conda
      - conda: https://conda.anaconda.org/conda-forge/win-64/vc-14.3-h2b53caa_32.conda
      - conda: https://conda.anaconda.org/conda-forge/win-64/vc14_runtime-14.44.35208-h818238b_32.conda
      - conda: https://conda.anaconda.org/conda-forge/win-64/vcomp14-14.44.35208-h818238b_32.conda
      - conda: https://conda.anaconda.org/conda-forge/win-64/zstd-1.5.7-h1b5488d_4.conda
      - pypi: https://files.pythonhosted.org/packages/78/b6/6307fbef88d9b5ee7421e68d78a9f162e0da4900bc5f5793f6d3d0e34fb8/annotated_types-0.7.0-py3-none-any.whl
      - pypi: https://files.pythonhosted.org/packages/0a/de/acae8e9f9a1f4bb393d41c8265898b0f29772e38eac14e9f69d191e2c006/blis-1.3.3-cp314-cp314-win_amd64.whl
      - pypi: https://files.pythonhosted.org/packages/9e/96/d32b941a501ab566a16358d68b6eb4e4acc373fab3c3c4d7d9e649f7b4bb/catalogue-2.0.10-py3-none-any.whl
      - pypi: https://files.pythonhosted.org/packages/e6/ad/3cc14f097111b4de0040c83a525973216457bbeeb63739ef1ed275c1c021/certifi-2026.1.4-py3-none-any.whl
      - pypi: https://files.pythonhosted.org/packages/4b/51/8ade005e5ca5b0d80fb4aff72a3775b325bdc3d27408c8113811a7cbe640/charset_normalizer-3.4.4-cp314-cp314-win_amd64.whl
      - pypi: https://files.pythonhosted.org/packages/98/78/01c019cdb5d6498122777c1a43056ebb3ebfeef2076d9d026bfe15583b2b/click-8.3.1-py3-none-any.whl
      - pypi: https://files.pythonhosted.org/packages/ae/8a/c4bb04426d608be4a3171efa2e233d2c59a5c8937850c10d098e126df18e/cloudpathlib-0.23.0-py3-none-any.whl
      - pypi: https://files.pythonhosted.org/packages/d1/d6/3965ed04c63042e047cb6a3e6ed1a63a35087b6a609aa3a15ed8ac56c221/colorama-0.4.6-py2.py3-none-any.whl
      - pypi: https://files.pythonhosted.org/packages/0c/00/3106b1854b45bd0474ced037dfe6b73b90fe68a68968cef47c23de3d43d2/confection-0.1.5-py3-none-any.whl
      - pypi: https://files.pythonhosted.org/packages/77/e0/a4b58ec9e53c836dce07ef39837a64a599f4a21a134fc7ca57a3a8f9a4b5/cymem-2.0.13-cp314-cp314-win_amd64.whl
      - pypi: https://files.pythonhosted.org/packages/b0/ce/bf8b9d3f415be4ac5588545b5fcdbbb841977db1c1d923f7568eeabe1689/djangorestframework-3.16.1-py3-none-any.whl
      - pypi: https://files.pythonhosted.org/packages/60/94/fdfb7b2f0b16cd3ed4d4171c55c1c07a2d1e3b106c5978c8ad0c15b4a48b/djangorestframework_simplejwt-5.5.1-py3-none-any.whl
      - pypi: https://files.pythonhosted.org/packages/0e/61/66938bbb5fc52dbdf84594873d5b51fb1f7c7794e9c0f5bd885f30bc507b/idna-3.11-py3-none-any.whl
      - pypi: https://files.pythonhosted.org/packages/62/a1/3d680cbfd5f4b8f15abc1d571870c5fc3e594bb582bc3b64ea099db13e56/jinja2-3.1.6-py3-none-any.whl
      - pypi: https://files.pythonhosted.org/packages/e3/e0/c96cf13eccd20c9421ba910304dae0f619724dcf1702864fd59dd386404d/lxml-6.0.2-cp314-cp314-win_amd64.whl
      - pypi: https://files.pythonhosted.org/packages/28/52/182836104b33b444e400b14f797212f720cbc9ed6ba34c800639d154e821/markupsafe-3.0.3-cp314-cp314-win_amd64.whl
      - pypi: https://files.pythonhosted.org/packages/bc/32/e874a14b2d2246bd2d16f80f49fad393a3865d4ee7d66d2cae939a67a29a/murmurhash-1.0.15-cp314-cp314-win_amd64.whl
      - pypi: https://files.pythonhosted.org/packages/7e/bb/c6513edcce5a831810e2dddc0d3452ce84d208af92405a0c2e58fd8e7881/numpy-2.4.1-cp314-cp314-win_amd64.whl
      - pypi: https://files.pythonhosted.org/packages/20/12/38679034af332785aac8774540895e234f4d07f7545804097de4b666afd8/packaging-25.0-py3-none-any.whl
      - pypi: https://files.pythonhosted.org/packages/e7/57/7c28c7f6f9bfce02796b54f1f6acd2cebb3fa3f14a2dce6fb3c686e3c3a8/preshed-3.0.12-cp314-cp314-win_amd64.whl
      - pypi: https://files.pythonhosted.org/packages/5a/87/b70ad306ebb6f9b585f114d0ac2137d792b48be34d732d60e597c2f8465a/pydantic-2.12.5-py3-none-any.whl
      - pypi: https://files.pythonhosted.org/packages/48/5d/56ba7b24e9557f99c9237e29f5c09913c81eeb2f3217e40e922353668092/pydantic_core-2.41.5-cp314-cp314-win_amd64.whl
      - pypi: https://files.pythonhosted.org/packages/61/ad/689f02752eeec26aed679477e80e632ef1b682313be70793d798c1d5fc8f/PyJWT-2.10.1-py3-none-any.whl
      - pypi: https://files.pythonhosted.org/packages/dd/c3/d0047678146c294469c33bae167c8ace337deafb736b0bf97b9bc481aa65/pymupdf-1.26.7-cp310-abi3-win_amd64.whl
      - pypi: https://files.pythonhosted.org/packages/d0/00/1e03a4989fa5795da308cd774f05b704ace555a70f9bf9d3be057b680bcf/python_docx-1.2.0-py3-none-any.whl
      - pypi: https://files.pythonhosted.org/packages/1e/db/4254e3eabe8020b458f1a747140d32277ec7a271daf1d235b70dc0b4e6e3/requests-2.32.5-py3-none-any.whl
      - pypi: https://files.pythonhosted.org/packages/a3/dc/17031897dae0efacfea57dfd3a82fdd2a2aeb58e0ff71b77b87e44edc772/setuptools-80.9.0-py3-none-any.whl
      - pypi: https://files.pythonhosted.org/packages/ad/95/bc978be7ea0babf2fb48a414b6afaad414c6a9e8b1eafc5b8a53c030381a/smart_open-7.5.0-py3-none-any.whl
      - pypi: https://files.pythonhosted.org/packages/f3/16/a0c9174a232dfe7b48281c05364957e2c6d0f80ef26b67ce8d28a49c2d91/spacy-3.8.11-cp314-cp314-win_amd64.whl
      - pypi: https://files.pythonhosted.org/packages/c3/55/12e842c70ff8828e34e543a2c7176dac4da006ca6901c9e8b43efab8bc6b/spacy_legacy-3.0.12-py2.py3-none-any.whl
      - pypi: https://files.pythonhosted.org/packages/33/78/d1a1a026ef3af911159398c939b1509d5c36fe524c7b644f34a5146c4e16/spacy_loggers-1.0.5-py3-none-any.whl
      - pypi: https://files.pythonhosted.org/packages/b6/3a/c12a4d556349c9f491b0a9d27968483f22934d2a02dfb14fb1d3a7d9b837/srsly-2.5.2-cp314-cp314-win_amd64.whl
      - pypi: https://files.pythonhosted.org/packages/93/6d/1bdd9344b2e7299faa55129dda624d50c334eed16a3761eb8b1dacd8bfcd/thinc-8.3.10-cp314-cp314-win_amd64.whl
      - pypi: https://files.pythonhosted.org/packages/d0/30/dc54f88dd4a2b5dc8a0279bdd7270e735851848b762aeb1c1184ed1f6b14/tqdm-4.67.1-py3-none-any.whl
      - pypi: https://files.pythonhosted.org/packages/c8/0a/4aca634faf693e33004796b6cee0ae2e1dba375a800c16ab8d3eff4bb800/typer_slim-0.21.1-py3-none-any.whl
      - pypi: https://files.pythonhosted.org/packages/dc/9b/47798a6c91d8bdb567fe2698fe81e0c6b7cb7ef4d13da4114b41d239f65d/typing_inspection-0.4.2-py3-none-any.whl
      - pypi: https://files.pythonhosted.org/packages/39/08/aaaad47bc4e9dc8c725e68f9d04865dbcb2052843ff09c97b08904852d84/urllib3-2.6.3-py3-none-any.whl
      - pypi: https://files.pythonhosted.org/packages/06/7c/34330a89da55610daa5f245ddce5aab81244321101614751e7537f125133/wasabi-1.1.3-py3-none-any.whl
      - pypi: https://files.pythonhosted.org/packages/a4/74/a148b41572656904a39dfcfed3f84dd1066014eed94e209223ae8e9d088d/weasel-0.4.3-py3-none-any.whl
      - pypi: https://files.pythonhosted.org/packages/1a/38/5359da9af7d64554be63e9046164bd4d8ff289a2dd365677d25ba3342c08/wrapt-2.0.1-cp314-cp314-win_amd64.whl
packages:
- pypi: https://files.pythonhosted.org/packages/78/b6/6307fbef88d9b5ee7421e68d78a9f162e0da4900bc5f5793f6d3d0e34fb8/annotated_types-0.7.0-py3-none-any.whl
  name: annotated-types
  version: 0.7.0
  sha256: 1f02e8b43a8fbbc3f3e0d4f0f4bfc8131bcb4eebe8849b8e5c773f3a1c582a53
  requires_dist:
  - typing-extensions>=4.0.0 ; python_full_version < '3.9'
  requires_python: '>=3.8'
- conda: https://conda.anaconda.org/conda-forge/noarch/asgiref-3.11.0-pyhd8ed1ab_0.conda
  sha256: 4c64237bf5ef6e16ef0c6ad31145dd5aed9f986c1a1becbe5abd17d9b4556ea2
  md5: 9fbe495cd313f37898d8eea42329faba
  depends:
  - python >=3.10
  - typing_extensions >=4
  license: BSD-3-Clause
  license_family: BSD
  purls:
  - pkg:pypi/asgiref?source=hash-mapping
  size: 27187
  timestamp: 1763585269736
- pypi: https://files.pythonhosted.org/packages/0a/de/acae8e9f9a1f4bb393d41c8265898b0f29772e38eac14e9f69d191e2c006/blis-1.3.3-cp314-cp314-win_amd64.whl
  name: blis
  version: 1.3.3
  sha256: 9e5fdf4211b1972400f8ff6dafe87cb689c5d84f046b4a76b207c0bd2270faaf
  requires_dist:
  - numpy>=1.15.0,<3.0.0 ; python_full_version < '3.9'
  - numpy>=1.19.0,<3.0.0 ; python_full_version >= '3.9'
  requires_python: '>=3.9,<3.15'
- conda: https://conda.anaconda.org/conda-forge/win-64/bzip2-1.0.8-h0ad9c76_8.conda
  sha256: d882712855624641f48aa9dc3f5feea2ed6b4e6004585d3616386a18186fe692
  md5: 1077e9333c41ff0be8edd1a5ec0ddace
  depends:
  - ucrt >=10.0.20348.0
  - vc >=14.3,<15
  - vc14_runtime >=14.44.35208
  license: bzip2-1.0.6
  license_family: BSD
  purls: []
  size: 55977
  timestamp: 1757437738856
- conda: https://conda.anaconda.org/conda-forge/noarch/ca-certificates-2025.11.12-h4c7d964_0.conda
  sha256: 686a13bd2d4024fc99a22c1e0e68a7356af3ed3304a8d3ff6bb56249ad4e82f0
  md5: f98fb7db808b94bc1ec5b0e62f9f1069
  depends:
  - __win
  license: ISC
  purls: []
  size: 152827
  timestamp: 1762967310929
- pypi: https://files.pythonhosted.org/packages/9e/96/d32b941a501ab566a16358d68b6eb4e4acc373fab3c3c4d7d9e649f7b4bb/catalogue-2.0.10-py3-none-any.whl
  name: catalogue
  version: 2.0.10
  sha256: 58c2de0020aa90f4a2da7dfad161bf7b3b054c86a5f09fcedc0b2b740c109a9f
  requires_dist:
  - zipp>=0.5 ; python_full_version < '3.8'
  - typing-extensions>=3.6.4 ; python_full_version < '3.8'
  requires_python: '>=3.6'
- pypi: https://files.pythonhosted.org/packages/e6/ad/3cc14f097111b4de0040c83a525973216457bbeeb63739ef1ed275c1c021/certifi-2026.1.4-py3-none-any.whl
  name: certifi
  version: 2026.1.4
  sha256: 9943707519e4add1115f44c2bc244f782c0249876bf51b6599fee1ffbedd685c
  requires_python: '>=3.7'
- pypi: https://files.pythonhosted.org/packages/4b/51/8ade005e5ca5b0d80fb4aff72a3775b325bdc3d27408c8113811a7cbe640/charset_normalizer-3.4.4-cp314-cp314-win_amd64.whl
  name: charset-normalizer
  version: 3.4.4
  sha256: 8a6562c3700cce886c5be75ade4a5db4214fda19fede41d9792d100288d8f94c
  requires_python: '>=3.7'
- pypi: https://files.pythonhosted.org/packages/98/78/01c019cdb5d6498122777c1a43056ebb3ebfeef2076d9d026bfe15583b2b/click-8.3.1-py3-none-any.whl
  name: click
  version: 8.3.1
  sha256: 981153a64e25f12d547d3426c367a4857371575ee7ad18df2a6183ab0545b2a6
  requires_dist:
  - colorama ; sys_platform == 'win32'
  requires_python: '>=3.10'
- pypi: https://files.pythonhosted.org/packages/ae/8a/c4bb04426d608be4a3171efa2e233d2c59a5c8937850c10d098e126df18e/cloudpathlib-0.23.0-py3-none-any.whl
  name: cloudpathlib
  version: 0.23.0
  sha256: 8520b3b01468fee77de37ab5d50b1b524ea6b4a8731c35d1b7407ac0cd716002
  requires_dist:
  - typing-extensions>4 ; python_full_version < '3.11'
  - cloudpathlib[azure] ; extra == 'all'
  - cloudpathlib[gs] ; extra == 'all'
  - cloudpathlib[s3] ; extra == 'all'
  - azure-storage-blob>=12 ; extra == 'azure'
  - azure-storage-file-datalake>=12 ; extra == 'azure'
  - google-cloud-storage ; extra == 'gs'
  - boto3>=1.34.0 ; extra == 's3'
  requires_python: '>=3.9'
- pypi: https://files.pythonhosted.org/packages/d1/d6/3965ed04c63042e047cb6a3e6ed1a63a35087b6a609aa3a15ed8ac56c221/colorama-0.4.6-py2.py3-none-any.whl
  name: colorama
  version: 0.4.6
  sha256: 4f1d9991f5acc0ca119f9d443620b77f9d6b33703e51011c16baf57afb285fc6
  requires_python: '>=2.7,!=3.0.*,!=3.1.*,!=3.2.*,!=3.3.*,!=3.4.*,!=3.5.*,!=3.6.*'
- pypi: https://files.pythonhosted.org/packages/0c/00/3106b1854b45bd0474ced037dfe6b73b90fe68a68968cef47c23de3d43d2/confection-0.1.5-py3-none-any.whl
  name: confection
  version: 0.1.5
  sha256: e29d3c3f8eac06b3f77eb9dfb4bf2fc6bcc9622a98ca00a698e3d019c6430b14
  requires_dist:
  - pydantic>=1.7.4,!=1.8,!=1.8.1,<3.0.0
  - srsly>=2.4.0,<3.0.0
  - typing-extensions>=3.7.4.1,<5.0.0 ; python_full_version < '3.8'
  requires_python: '>=3.6'
- pypi: https://files.pythonhosted.org/packages/77/e0/a4b58ec9e53c836dce07ef39837a64a599f4a21a134fc7ca57a3a8f9a4b5/cymem-2.0.13-cp314-cp314-win_amd64.whl
  name: cymem
  version: 2.0.13
  sha256: ac699c8ec72a3a9de8109bd78821ab22f60b14cf2abccd970b5ff310e14158ed
  requires_python: '>=3.9,<3.15'
- conda: https://conda.anaconda.org/conda-forge/noarch/django-5.2.8-pyhd8ed1ab_0.conda
  sha256: 11d61503f54320450f9f6045a1bd401a70d4ba196b918c2d02ab640dba6cc781
  md5: 0056da8d7a7f14488e2998df41db8cf3
  depends:
  - asgiref >=3.8.1
  - python >=3.10
  - sqlparse >=0.3.1
  license: BSD-3-Clause
  license_family: BSD
  purls:
  - pkg:pypi/django?source=hash-mapping
  size: 3837325
  timestamp: 1762777219199
- pypi: https://files.pythonhosted.org/packages/b0/ce/bf8b9d3f415be4ac5588545b5fcdbbb841977db1c1d923f7568eeabe1689/djangorestframework-3.16.1-py3-none-any.whl
  name: djangorestframework
  version: 3.16.1
  sha256: 33a59f47fb9c85ede792cbf88bde71893bcda0667bc573f784649521f1102cec
  requires_dist:
  - django>=4.2
  requires_python: '>=3.9'
- pypi: https://files.pythonhosted.org/packages/60/94/fdfb7b2f0b16cd3ed4d4171c55c1c07a2d1e3b106c5978c8ad0c15b4a48b/djangorestframework_simplejwt-5.5.1-py3-none-any.whl
  name: djangorestframework-simplejwt
  version: 5.5.1
  sha256: 2c30f3707053d384e9f315d11c2daccfcb548d4faa453111ca19a542b732e469
  requires_dist:
  - django>=4.2
  - djangorestframework>=3.14
  - pyjwt>=1.7.1
  - cryptography ; extra == 'test'
  - freezegun ; extra == 'test'
  - pytest-cov ; extra == 'test'
  - pytest-django ; extra == 'test'
  - pytest-xdist ; extra == 'test'
  - pytest ; extra == 'test'
  - tox ; extra == 'test'
  - ruff ; extra == 'lint'
  - yesqa ; extra == 'lint'
  - pyupgrade ; extra == 'lint'
  - pre-commit ; extra == 'lint'
  - sphinx ; extra == 'doc'
  - sphinx-rtd-theme>=0.1.9 ; extra == 'doc'
  - pytest-watch ; extra == 'dev'
  - wheel ; extra == 'dev'
  - twine ; extra == 'dev'
  - ipython ; extra == 'dev'
  - cryptography ; extra == 'dev'
  - freezegun ; extra == 'dev'
  - pytest-cov ; extra == 'dev'
  - pytest-django ; extra == 'dev'
  - pytest-xdist ; extra == 'dev'
  - pytest ; extra == 'dev'
  - tox ; extra == 'dev'
  - ruff ; extra == 'dev'
  - yesqa ; extra == 'dev'
  - pyupgrade ; extra == 'dev'
  - pre-commit ; extra == 'dev'
  - sphinx ; extra == 'dev'
  - sphinx-rtd-theme>=0.1.9 ; extra == 'dev'
  - python-jose==3.3.0 ; extra == 'dev'
  - python-jose==3.3.0 ; extra == 'python-jose'
  - cryptography>=3.3.1 ; extra == 'crypto'
  requires_python: '>=3.9'
- conda: https://conda.anaconda.org/conda-forge/win-64/icu-75.1-he0c23c2_0.conda
  sha256: 1d04369a1860a1e9e371b9fc82dd0092b616adcf057d6c88371856669280e920
  md5: 8579b6bb8d18be7c0b27fb08adeeeb40
  depends:
  - ucrt >=10.0.20348.0
  - vc >=14.2,<15
  - vc14_runtime >=14.29.30139
  license: MIT
  license_family: MIT
  purls: []
  size: 14544252
  timestamp: 1720853966338
- pypi: https://files.pythonhosted.org/packages/0e/61/66938bbb5fc52dbdf84594873d5b51fb1f7c7794e9c0f5bd885f30bc507b/idna-3.11-py3-none-any.whl
  name: idna
  version: '3.11'
  sha256: 771a87f49d9defaf64091e6e6fe9c18d4833f140bd19464795bc32d966ca37ea
  requires_dist:
  - ruff>=0.6.2 ; extra == 'all'
  - mypy>=1.11.2 ; extra == 'all'
  - pytest>=8.3.2 ; extra == 'all'
  - flake8>=7.1.1 ; extra == 'all'
  requires_python: '>=3.8'
- pypi: https://files.pythonhosted.org/packages/62/a1/3d680cbfd5f4b8f15abc1d571870c5fc3e594bb582bc3b64ea099db13e56/jinja2-3.1.6-py3-none-any.whl
  name: jinja2
  version: 3.1.6
  sha256: 85ece4451f492d0c13c5dd7c13a64681a86afae63a5f347908daf103ce6d2f67
  requires_dist:
  - markupsafe>=2.0
  - babel>=2.7 ; extra == 'i18n'
  requires_python: '>=3.7'
- conda: https://conda.anaconda.org/conda-forge/win-64/krb5-1.21.3-hdf4eb48_0.conda
  sha256: 18e8b3430d7d232dad132f574268f56b3eb1a19431d6d5de8c53c29e6c18fa81
  md5: 31aec030344e962fbd7dbbbbd68e60a9
  depends:
  - openssl >=3.3.1,<4.0a0
  - ucrt >=10.0.20348.0
  - vc >=14.2,<15
  - vc14_runtime >=14.29.30139
  license: MIT
  license_family: MIT
  purls: []
  size: 712034
  timestamp: 1719463874284
- conda: https://conda.anaconda.org/conda-forge/win-64/libexpat-2.7.3-hac47afa_0.conda
  sha256: 844ab708594bdfbd7b35e1a67c379861bcd180d6efe57b654f482ae2f7f5c21e
  md5: 8c9e4f1a0e688eef2e95711178061a0f
  depends:
  - ucrt >=10.0.20348.0
  - vc >=14.3,<15
  - vc14_runtime >=14.44.35208
  constrains:
  - expat 2.7.3.*
  license: MIT
  license_family: MIT
  purls: []
  size: 70137
  timestamp: 1763550049107
- conda: https://conda.anaconda.org/conda-forge/win-64/libffi-3.5.2-h52bdfb6_0.conda
  sha256: ddff25aaa4f0aa535413f5d831b04073789522890a4d8626366e43ecde1534a3
  md5: ba4ad812d2afc22b9a34ce8327a0930f
  depends:
  - ucrt >=10.0.20348.0
  - vc >=14.3,<15
  - vc14_runtime >=14.44.35208
  license: MIT
  license_family: MIT
  purls: []
  size: 44866
  timestamp: 1760295760649
- conda: https://conda.anaconda.org/conda-forge/win-64/liblzma-5.8.1-h2466b09_2.conda
  sha256: 55764956eb9179b98de7cc0e55696f2eff8f7b83fc3ebff5e696ca358bca28cc
  md5: c15148b2e18da456f5108ccb5e411446
  depends:
  - ucrt >=10.0.20348.0
  - vc >=14.2,<15
  - vc14_runtime >=14.29.30139
  constrains:
  - xz 5.8.1.*
  license: 0BSD
  purls: []
  size: 104935
  timestamp: 1749230611612
- conda: https://conda.anaconda.org/conda-forge/win-64/libmpdec-4.0.0-h2466b09_0.conda
  sha256: fc529fc82c7caf51202cc5cec5bb1c2e8d90edbac6d0a4602c966366efe3c7bf
  md5: 74860100b2029e2523cf480804c76b9b
  depends:
  - ucrt >=10.0.20348.0
  - vc >=14.2,<15
  - vc14_runtime >=14.29.30139
  license: BSD-2-Clause
  license_family: BSD
  purls: []
  size: 88657
  timestamp: 1723861474602
- conda: https://conda.anaconda.org/conda-forge/win-64/libpq-18.1-h7c87ebf_2.conda
  sha256: 655e7d31f9e8c852afa70a58c6a11ba41b5bc0fdc708f9b960b8f39164d4f03d
  md5: 9201300ff092ed40762d44d5695b0bad
  depends:
  - icu >=75.1,<76.0a0
  - krb5 >=1.21.3,<1.22.0a0
  - openssl >=3.5.4,<4.0a0
  - ucrt >=10.0.20348.0
  - vc >=14.3,<15
  - vc14_runtime >=14.44.35208
  license: PostgreSQL
  purls: []
  size: 4094980
  timestamp: 1764345918394
- conda: https://conda.anaconda.org/conda-forge/win-64/libsqlite-3.51.1-hf5d6505_0.conda
  sha256: a976c8b455d9023b83878609bd68c3b035b9839d592bd6c7be7552c523773b62
  md5: f92bef2f8e523bb0eabe60099683617a
  depends:
  - ucrt >=10.0.20348.0
  - vc >=14.3,<15
  - vc14_runtime >=14.44.35208
  license: blessing
  purls: []
  size: 1291059
  timestamp: 1764359545703
- conda: https://conda.anaconda.org/conda-forge/win-64/libzlib-1.3.1-h2466b09_2.conda
  sha256: ba945c6493449bed0e6e29883c4943817f7c79cbff52b83360f7b341277c6402
  md5: 41fbfac52c601159df6c01f875de31b9
  depends:
  - ucrt >=10.0.20348.0
  - vc >=14.2,<15
  - vc14_runtime >=14.29.30139
  constrains:
  - zlib 1.3.1 *_2
  license: Zlib
  license_family: Other
  purls: []
  size: 55476
  timestamp: 1727963768015
- pypi: https://files.pythonhosted.org/packages/e3/e0/c96cf13eccd20c9421ba910304dae0f619724dcf1702864fd59dd386404d/lxml-6.0.2-cp314-cp314-win_amd64.whl
  name: lxml
  version: 6.0.2
  sha256: fa25afbadead523f7001caf0c2382afd272c315a033a7b06336da2637d92d6ed
  requires_dist:
  - cssselect>=0.7 ; extra == 'cssselect'
  - html5lib ; extra == 'html5'
  - beautifulsoup4 ; extra == 'htmlsoup'
  - lxml-html-clean ; extra == 'html-clean'
  requires_python: '>=3.8'
- pypi: https://files.pythonhosted.org/packages/28/52/182836104b33b444e400b14f797212f720cbc9ed6ba34c800639d154e821/markupsafe-3.0.3-cp314-cp314-win_amd64.whl
  name: markupsafe
  version: 3.0.3
  sha256: bdc919ead48f234740ad807933cdf545180bfbe9342c2bb451556db2ed958581
  requires_python: '>=3.9'
- pypi: https://files.pythonhosted.org/packages/bc/32/e874a14b2d2246bd2d16f80f49fad393a3865d4ee7d66d2cae939a67a29a/murmurhash-1.0.15-cp314-cp314-win_amd64.whl
  name: murmurhash
  version: 1.0.15
  sha256: 898a629bf111f1aeba4437e533b5b836c0a9d2dd12d6880a9c75f6ca13e30e22
  requires_python: '>=3.6,<3.15'
- pypi: https://files.pythonhosted.org/packages/7e/bb/c6513edcce5a831810e2dddc0d3452ce84d208af92405a0c2e58fd8e7881/numpy-2.4.1-cp314-cp314-win_amd64.whl
  name: numpy
  version: 2.4.1
  sha256: 7d5d7999df434a038d75a748275cd6c0094b0ecdb0837342b332a82defc4dc4d
  requires_python: '>=3.11'
- conda: https://conda.anaconda.org/conda-forge/win-64/openssl-3.6.0-h725018a_0.conda
  sha256: 6d72d6f766293d4f2aa60c28c244c8efed6946c430814175f959ffe8cab899b3
  md5: 84f8fb4afd1157f59098f618cd2437e4
  depends:
  - ca-certificates
  - ucrt >=10.0.20348.0
  - vc >=14.3,<15
  - vc14_runtime >=14.44.35208
  license: Apache-2.0
  license_family: Apache
  purls: []
  size: 9440812
  timestamp: 1762841722179
- pypi: https://files.pythonhosted.org/packages/20/12/38679034af332785aac8774540895e234f4d07f7545804097de4b666afd8/packaging-25.0-py3-none-any.whl
  name: packaging
  version: '25.0'
  sha256: 29572ef2b1f17581046b3a2227d5c611fb25ec70ca1ba8554b24b0e69331a484
  requires_python: '>=3.8'
- pypi: https://files.pythonhosted.org/packages/e7/57/7c28c7f6f9bfce02796b54f1f6acd2cebb3fa3f14a2dce6fb3c686e3c3a8/preshed-3.0.12-cp314-cp314-win_amd64.whl
  name: preshed
  version: 3.0.12
  sha256: c87a54a55a2ba98d0c3fd7886295f2825397aff5a7157dcfb89124f6aa2dca41
  requires_dist:
  - cymem>=2.0.2,<2.1.0
  - murmurhash>=0.28.0,<1.1.0
  requires_python: '>=3.6,<3.15'
- conda: https://conda.anaconda.org/conda-forge/win-64/psycopg2-2.9.10-py314h3cd40a6_4.conda
  sha256: ec3f4bf11037c64c4a6e709e61998dce95d26d7fea9805d03db264955eb8758c
  md5: 6d93bfd3d5990b8afdc7e202443435ea
  depends:
  - libpq >=18.1,<19.0a0
  - openssl >=3.5.4,<4.0a0
  - python >=3.14,<3.15.0a0
  - python_abi 3.14.* *_cp314
  - ucrt >=10.0.20348.0
  - vc >=14.3,<15
  - vc14_runtime >=14.44.35208
  license: LGPL-3.0-or-later
  license_family: LGPL
  purls:
  - pkg:pypi/psycopg2?source=hash-mapping
  size: 172253
  timestamp: 1763596062289
- conda: https://conda.anaconda.org/conda-forge/noarch/psycopg2-binary-2.9.10-pyhd8ed1ab_1.conda
  sha256: cf2c0e111b7b5259cd6d332f7fdb9e368ddba39a0460b09bbe41f227214984ea
  md5: 4b3ccd3c8d3735fb4236fbfad34f7e15
  depends:
  - psycopg2 >=2.9.10,<2.9.11.0a0
  - python >=3.9
  license: LGPL-3.0-or-later
  license_family: LGPL
  purls:
  - pkg:pypi/psycopg2-binary?source=hash-mapping
  size: 10194
  timestamp: 1750255624039
- pypi: https://files.pythonhosted.org/packages/5a/87/b70ad306ebb6f9b585f114d0ac2137d792b48be34d732d60e597c2f8465a/pydantic-2.12.5-py3-none-any.whl
  name: pydantic
  version: 2.12.5
  sha256: e561593fccf61e8a20fc46dfc2dfe075b8be7d0188df33f221ad1f0139180f9d
  requires_dist:
  - annotated-types>=0.6.0
  - pydantic-core==2.41.5
  - typing-extensions>=4.14.1
  - typing-inspection>=0.4.2
  - email-validator>=2.0.0 ; extra == 'email'
  - tzdata ; python_full_version >= '3.9' and sys_platform == 'win32' and extra == 'timezone'
  requires_python: '>=3.9'
- pypi: https://files.pythonhosted.org/packages/48/5d/56ba7b24e9557f99c9237e29f5c09913c81eeb2f3217e40e922353668092/pydantic_core-2.41.5-cp314-cp314-win_amd64.whl
  name: pydantic-core
  version: 2.41.5
  sha256: 8e7c86f27c585ef37c35e56a96363ab8de4e549a95512445b85c96d3e2f7c1bf
  requires_dist:
  - typing-extensions>=4.14.1
  requires_python: '>=3.9'
- pypi: https://files.pythonhosted.org/packages/61/ad/689f02752eeec26aed679477e80e632ef1b682313be70793d798c1d5fc8f/PyJWT-2.10.1-py3-none-any.whl
  name: pyjwt
  version: 2.10.1
  sha256: dcdd193e30abefd5debf142f9adfcdd2b58004e644f25406ffaebd50bd98dacb
  requires_dist:
  - cryptography>=3.4.0 ; extra == 'crypto'
  - coverage[toml]==5.0.4 ; extra == 'dev'
  - cryptography>=3.4.0 ; extra == 'dev'
  - pre-commit ; extra == 'dev'
  - pytest>=6.0.0,<7.0.0 ; extra == 'dev'
  - sphinx ; extra == 'dev'
  - sphinx-rtd-theme ; extra == 'dev'
  - zope-interface ; extra == 'dev'
  - sphinx ; extra == 'docs'
  - sphinx-rtd-theme ; extra == 'docs'
  - zope-interface ; extra == 'docs'
  - coverage[toml]==5.0.4 ; extra == 'tests'
  - pytest>=6.0.0,<7.0.0 ; extra == 'tests'
  requires_python: '>=3.9'
- pypi: https://files.pythonhosted.org/packages/dd/c3/d0047678146c294469c33bae167c8ace337deafb736b0bf97b9bc481aa65/pymupdf-1.26.7-cp310-abi3-win_amd64.whl
  name: pymupdf
  version: 1.26.7
  sha256: 425b1befe40d41b72eb0fe211711c7ae334db5eb60307e9dd09066ed060cceba
  requires_python: '>=3.10'
- conda: https://conda.anaconda.org/conda-forge/win-64/python-3.14.0-h4b44e0e_102_cp314.conda
  build_number: 102
  sha256: 2b8c8fcafcc30690b4c5991ee28eb80c962e50e06ce7da03b2b302e2d39d6a81
  md5: 3e1ce2fb0f277cebcae01a3c418eb5e2
  depends:
  - bzip2 >=1.0.8,<2.0a0
  - libexpat >=2.7.1,<3.0a0
  - libffi >=3.5.2,<3.6.0a0
  - liblzma >=5.8.1,<6.0a0
  - libmpdec >=4.0.0,<5.0a0
  - libsqlite >=3.50.4,<4.0a0
  - libzlib >=1.3.1,<2.0a0
  - openssl >=3.5.4,<4.0a0
  - python_abi 3.14.* *_cp314
  - tk >=8.6.13,<8.7.0a0
  - tzdata
  - ucrt >=10.0.20348.0
  - vc >=14.3,<15
  - vc14_runtime >=14.44.35208
  - zstd >=1.5.7,<1.6.0a0
  license: Python-2.0
  purls: []
  size: 16706286
  timestamp: 1761175439068
  python_site_packages_path: Lib/site-packages
- pypi: https://files.pythonhosted.org/packages/d0/00/1e03a4989fa5795da308cd774f05b704ace555a70f9bf9d3be057b680bcf/python_docx-1.2.0-py3-none-any.whl
  name: python-docx
  version: 1.2.0
  sha256: 3fd478f3250fbbbfd3b94fe1e985955737c145627498896a8a6bf81f4baf66c7
  requires_dist:
  - lxml>=3.1.0
  - typing-extensions>=4.9.0
  requires_python: '>=3.9'
- conda: https://conda.anaconda.org/conda-forge/noarch/python_abi-3.14-8_cp314.conda
  build_number: 8
  sha256: ad6d2e9ac39751cc0529dd1566a26751a0bf2542adb0c232533d32e176e21db5
  md5: 0539938c55b6b1a59b560e843ad864a4
  constrains:
  - python 3.14.* *_cp314
  license: BSD-3-Clause
  license_family: BSD
  purls: []
  size: 6989
  timestamp: 1752805904792
- pypi: https://files.pythonhosted.org/packages/1e/db/4254e3eabe8020b458f1a747140d32277ec7a271daf1d235b70dc0b4e6e3/requests-2.32.5-py3-none-any.whl
  name: requests
  version: 2.32.5
  sha256: 2462f94637a34fd532264295e186976db0f5d453d1cdd31473c85a6a161affb6
  requires_dist:
  - charset-normalizer>=2,<4
  - idna>=2.5,<4
  - urllib3>=1.21.1,<3
  - certifi>=2017.4.17
  - pysocks>=1.5.6,!=1.5.7 ; extra == 'socks'
  - chardet>=3.0.2,<6 ; extra == 'use-chardet-on-py3'
  requires_python: '>=3.9'
- pypi: https://files.pythonhosted.org/packages/a3/dc/17031897dae0efacfea57dfd3a82fdd2a2aeb58e0ff71b77b87e44edc772/setuptools-80.9.0-py3-none-any.whl
  name: setuptools
  version: 80.9.0
  sha256: 062d34222ad13e0cc312a4c02d73f059e86a4acbfbdea8f8f76b28c99f306922
  requires_dist:
  - pytest>=6,!=8.1.* ; extra == 'test'
  - virtualenv>=13.0.0 ; extra == 'test'
  - wheel>=0.44.0 ; extra == 'test'
  - pip>=19.1 ; extra == 'test'
  - packaging>=24.2 ; extra == 'test'
  - jaraco-envs>=2.2 ; extra == 'test'
  - pytest-xdist>=3 ; extra == 'test'
  - jaraco-path>=3.7.2 ; extra == 'test'
  - build[virtualenv]>=1.0.3 ; extra == 'test'
  - filelock>=3.4.0 ; extra == 'test'
  - ini2toml[lite]>=0.14 ; extra == 'test'
  - tomli-w>=1.0.0 ; extra == 'test'
  - pytest-timeout ; extra == 'test'
  - pytest-perf ; sys_platform != 'cygwin' and extra == 'test'
  - jaraco-develop>=7.21 ; python_full_version >= '3.9' and sys_platform != 'cygwin' and extra == 'test'
  - pytest-home>=0.5 ; extra == 'test'
  - pytest-subprocess ; extra == 'test'
  - pyproject-hooks!=1.1 ; extra == 'test'
  - jaraco-test>=5.5 ; extra == 'test'
  - sphinx>=3.5 ; extra == 'doc'
  - jaraco-packaging>=9.3 ; extra == 'doc'
  - rst-linker>=1.9 ; extra == 'doc'
  - furo ; extra == 'doc'
  - sphinx-lint ; extra == 'doc'
  - jaraco-tidelift>=1.4 ; extra == 'doc'
  - pygments-github-lexers==0.0.5 ; extra == 'doc'
  - sphinx-favicon ; extra == 'doc'
  - sphinx-inline-tabs ; extra == 'doc'
  - sphinx-reredirects ; extra == 'doc'
  - sphinxcontrib-towncrier ; extra == 'doc'
  - sphinx-notfound-page>=1,<2 ; extra == 'doc'
  - pyproject-hooks!=1.1 ; extra == 'doc'
  - towncrier<24.7 ; extra == 'doc'
  - packaging>=24.2 ; extra == 'core'
  - more-itertools>=8.8 ; extra == 'core'
  - jaraco-text>=3.7 ; extra == 'core'
  - importlib-metadata>=6 ; python_full_version < '3.10' and extra == 'core'
  - tomli>=2.0.1 ; python_full_version < '3.11' and extra == 'core'
  - wheel>=0.43.0 ; extra == 'core'
  - platformdirs>=4.2.2 ; extra == 'core'
  - jaraco-functools>=4 ; extra == 'core'
  - more-itertools ; extra == 'core'
  - pytest-checkdocs>=2.4 ; extra == 'check'
  - pytest-ruff>=0.2.1 ; sys_platform != 'cygwin' and extra == 'check'
  - ruff>=0.8.0 ; sys_platform != 'cygwin' and extra == 'check'
  - pytest-cov ; extra == 'cover'
  - pytest-enabler>=2.2 ; extra == 'enabler'
  - pytest-mypy ; extra == 'type'
  - mypy==1.14.* ; extra == 'type'
  - importlib-metadata>=7.0.2 ; python_full_version < '3.10' and extra == 'type'
  - jaraco-develop>=7.21 ; sys_platform != 'cygwin' and extra == 'type'
  requires_python: '>=3.9'
- pypi: https://files.pythonhosted.org/packages/ad/95/bc978be7ea0babf2fb48a414b6afaad414c6a9e8b1eafc5b8a53c030381a/smart_open-7.5.0-py3-none-any.whl
  name: smart-open
  version: 7.5.0
  sha256: 87e695c5148bbb988f15cec00971602765874163be85acb1c9fb8abc012e6599
  requires_dist:
  - wrapt
  - boto3>=1.9.17 ; extra == 's3'
  - google-cloud-storage>=2.6.0 ; extra == 'gcs'
  - google-api-core<2.28 ; python_full_version < '3.10' and extra == 'gcs'
  - azure-storage-blob ; extra == 'azure'
  - azure-common ; extra == 'azure'
  - azure-core ; extra == 'azure'
  - requests ; extra == 'http'
  - requests ; extra == 'webhdfs'
  - paramiko ; extra == 'ssh'
  - backports-zstd>=1.0.0 ; python_full_version < '3.14' and extra == 'zst'
  - smart-open[azure,gcs,http,s3,ssh,webhdfs,zst] ; extra == 'all'
  - smart-open[all] ; extra == 'test'
  - moto[server] ; extra == 'test'
  - responses ; extra == 'test'
  - pytest ; extra == 'test'
  - pytest-rerunfailures ; extra == 'test'
  - pytest-benchmark ; extra == 'test'
  - pytest-timeout ; extra == 'test'
  - pytest-xdist[psutil] ; extra == 'test'
  - awscli ; extra == 'test'
  - pyopenssl ; extra == 'test'
  - numpy ; extra == 'test'
  - flake8 ; extra == 'test'
  requires_python: '>=3.9,<4.0'
- pypi: https://files.pythonhosted.org/packages/f3/16/a0c9174a232dfe7b48281c05364957e2c6d0f80ef26b67ce8d28a49c2d91/spacy-3.8.11-cp314-cp314-win_amd64.whl
  name: spacy
  version: 3.8.11
  sha256: 45d0bbc8442d18dcea9257be0d1ab26e884067e038b1fa133405bf2f20c74edf
  requires_dist:
  - spacy-legacy>=3.0.11,<3.1.0
  - spacy-loggers>=1.0.0,<2.0.0
  - murmurhash>=0.28.0,<1.1.0
  - cymem>=2.0.2,<2.1.0
  - preshed>=3.0.2,<3.1.0
  - thinc>=8.3.4,<8.4.0
  - wasabi>=0.9.1,<1.2.0
  - srsly>=2.4.3,<3.0.0
  - catalogue>=2.0.6,<2.1.0
  - weasel>=0.4.2,<0.5.0
  - typer-slim>=0.3.0,<1.0.0
  - tqdm>=4.38.0,<5.0.0
  - numpy>=1.15.0 ; python_full_version < '3.9'
  - numpy>=1.19.0 ; python_full_version >= '3.9'
  - requests>=2.13.0,<3.0.0
  - pydantic>=1.7.4,!=1.8,!=1.8.1,<3.0.0
  - jinja2
  - setuptools
  - packaging>=20.0
  - spacy-lookups-data>=1.0.3,<1.1.0 ; extra == 'lookups'
  - spacy-transformers>=1.1.2,<1.4.0 ; extra == 'transformers'
  - cupy>=5.0.0b4,<13.0.0 ; extra == 'cuda'
  - cupy-cuda80>=5.0.0b4,<13.0.0 ; extra == 'cuda80'
  - cupy-cuda90>=5.0.0b4,<13.0.0 ; extra == 'cuda90'
  - cupy-cuda91>=5.0.0b4,<13.0.0 ; extra == 'cuda91'
  - cupy-cuda92>=5.0.0b4,<13.0.0 ; extra == 'cuda92'
  - cupy-cuda100>=5.0.0b4,<13.0.0 ; extra == 'cuda100'
  - cupy-cuda101>=5.0.0b4,<13.0.0 ; extra == 'cuda101'
  - cupy-cuda102>=5.0.0b4,<13.0.0 ; extra == 'cuda102'
  - cupy-cuda110>=5.0.0b4,<13.0.0 ; extra == 'cuda110'
  - cupy-cuda111>=5.0.0b4,<13.0.0 ; extra == 'cuda111'
  - cupy-cuda112>=5.0.0b4,<13.0.0 ; extra == 'cuda112'
  - cupy-cuda113>=5.0.0b4,<13.0.0 ; extra == 'cuda113'
  - cupy-cuda114>=5.0.0b4,<13.0.0 ; extra == 'cuda114'
  - cupy-cuda115>=5.0.0b4,<13.0.0 ; extra == 'cuda115'
  - cupy-cuda116>=5.0.0b4,<13.0.0 ; extra == 'cuda116'
  - cupy-cuda117>=5.0.0b4,<13.0.0 ; extra == 'cuda117'
  - cupy-cuda11x>=11.0.0,<13.0.0 ; extra == 'cuda11x'
  - cupy-cuda12x>=11.5.0,<13.0.0 ; extra == 'cuda12x'
  - cupy-wheel>=11.0.0,<13.0.0 ; extra == 'cuda-autodetect'
  - thinc-apple-ops>=1.0.0,<2.0.0 ; extra == 'apple'
  - sudachipy>=0.5.2,!=0.6.1 ; extra == 'ja'
  - sudachidict-core>=20211220 ; extra == 'ja'
  - natto-py>=0.9.0 ; extra == 'ko'
  - pythainlp>=2.0 ; extra == 'th'
  requires_python: '>=3.9,<3.15'
- pypi: https://files.pythonhosted.org/packages/c3/55/12e842c70ff8828e34e543a2c7176dac4da006ca6901c9e8b43efab8bc6b/spacy_legacy-3.0.12-py2.py3-none-any.whl
  name: spacy-legacy
  version: 3.0.12
  sha256: 476e3bd0d05f8c339ed60f40986c07387c0a71479245d6d0f4298dbd52cda55f
  requires_python: '>=3.6'
- pypi: https://files.pythonhosted.org/packages/33/78/d1a1a026ef3af911159398c939b1509d5c36fe524c7b644f34a5146c4e16/spacy_loggers-1.0.5-py3-none-any.whl
  name: spacy-loggers
  version: 1.0.5
  sha256: 196284c9c446cc0cdb944005384270d775fdeaf4f494d8e269466cfa497ef645
  requires_python: '>=3.6'
- conda: https://conda.anaconda.org/conda-forge/noarch/sqlparse-0.5.4-pyhcf101f3_1.conda
  sha256: 4ef08b50c6d49e2b15859967d07b02be64875c5830b4010c70b100a286d1b0f0
  md5: 65d949d575edd0d9b9044bf78f36caa0
  depends:
  - python >=3.10
  - python
  license: BSD-3-Clause
  license_family: BSD
  purls:
  - pkg:pypi/sqlparse?source=hash-mapping
  size: 44161
  timestamp: 1764433038651
- pypi: https://files.pythonhosted.org/packages/b6/3a/c12a4d556349c9f491b0a9d27968483f22934d2a02dfb14fb1d3a7d9b837/srsly-2.5.2-cp314-cp314-win_amd64.whl
  name: srsly
  version: 2.5.2
  sha256: 6658467165d8fa4aec0f5f6e2da8fe977e087eaff13322b0ff20450f0d762cee
  requires_dist:
  - catalogue>=2.0.3,<2.1.0
  requires_python: '>=3.9,<3.15'
- pypi: https://files.pythonhosted.org/packages/93/6d/1bdd9344b2e7299faa55129dda624d50c334eed16a3761eb8b1dacd8bfcd/thinc-8.3.10-cp314-cp314-win_amd64.whl
  name: thinc
  version: 8.3.10
  sha256: c253139a5c873edf75a3b17ec9d8b6caebee072fdb489594bc64e35115df7625
  requires_dist:
  - blis>=1.3.0,<1.4.0
  - murmurhash>=1.0.2,<1.1.0
  - cymem>=2.0.2,<2.1.0
  - preshed>=3.0.2,<3.1.0
  - wasabi>=0.8.1,<1.2.0
  - srsly>=2.4.0,<3.0.0
  - catalogue>=2.0.4,<2.1.0
  - confection>=0.0.1,<1.0.0
  - setuptools
  - numpy>=1.19.0,<3.0.0
  - pydantic>=2.0.0,<3.0.0
  - packaging>=20.0
  - dataclasses>=0.6,<1.0 ; python_full_version < '3.7'
  - typing-extensions>=3.7.4.1,<5.0.0 ; python_full_version < '3.8'
  - contextvars>=2.4,<3 ; python_full_version < '3.7'
  - cupy>=5.0.0b4 ; extra == 'cuda'
  - cupy-cuda80>=5.0.0b4 ; extra == 'cuda80'
  - cupy-cuda90>=5.0.0b4 ; extra == 'cuda90'
  - cupy-cuda91>=5.0.0b4 ; extra == 'cuda91'
  - cupy-cuda92>=5.0.0b4 ; extra == 'cuda92'
  - cupy-cuda100>=5.0.0b4 ; extra == 'cuda100'
  - cupy-cuda101>=5.0.0b4 ; extra == 'cuda101'
  - cupy-cuda102>=5.0.0b4 ; extra == 'cuda102'
  - cupy-cuda110>=5.0.0b4 ; extra == 'cuda110'
  - cupy-cuda111>=5.0.0b4 ; extra == 'cuda111'
  - cupy-cuda112>=5.0.0b4 ; extra == 'cuda112'
  - cupy-cuda113>=5.0.0b4 ; extra == 'cuda113'
  - cupy-cuda114>=5.0.0b4 ; extra == 'cuda114'
  - cupy-cuda115>=5.0.0b4 ; extra == 'cuda115'
  - cupy-cuda116>=5.0.0b4 ; extra == 'cuda116'
  - cupy-cuda117>=5.0.0b4 ; extra == 'cuda117'
  - cupy-cuda11x>=11.0.0 ; extra == 'cuda11x'
  - cupy-cuda12x>=11.5.0 ; extra == 'cuda12x'
  - cupy-wheel>=11.0.0 ; extra == 'cuda-autodetect'
  - ml-datasets>=0.2.0,<0.3.0 ; extra == 'datasets'
  - torch>=1.6.0 ; extra == 'torch'
  - tensorflow>=2.0.0,<2.6.0 ; extra == 'tensorflow'
  - mxnet>=1.5.1,<1.6.0 ; extra == 'mxnet'
  - thinc-apple-ops>=1.0.0,<2.0.0 ; extra == 'apple'
  requires_python: '>=3.10,<3.15'
- conda: https://conda.anaconda.org/conda-forge/win-64/tk-8.6.13-h2c6b04d_3.conda
  sha256: 4581f4ffb432fefa1ac4f85c5682cc27014bcd66e7beaa0ee330e927a7858790
  md5: 7cb36e506a7dba4817970f8adb6396f9
  depends:
  - ucrt >=10.0.20348.0
  - vc >=14.2,<15
  - vc14_runtime >=14.29.30139
  license: TCL
  license_family: BSD
  purls: []
  size: 3472313
  timestamp: 1763055164278
- pypi: https://files.pythonhosted.org/packages/d0/30/dc54f88dd4a2b5dc8a0279bdd7270e735851848b762aeb1c1184ed1f6b14/tqdm-4.67.1-py3-none-any.whl
  name: tqdm
  version: 4.67.1
  sha256: 26445eca388f82e72884e0d580d5464cd801a3ea01e63e5601bdff9ba6a48de2
  requires_dist:
  - colorama ; sys_platform == 'win32'
  - pytest>=6 ; extra == 'dev'
  - pytest-cov ; extra == 'dev'
  - pytest-timeout ; extra == 'dev'
  - pytest-asyncio>=0.24 ; extra == 'dev'
  - nbval ; extra == 'dev'
  - requests ; extra == 'discord'
  - slack-sdk ; extra == 'slack'
  - requests ; extra == 'telegram'
  - ipywidgets>=6 ; extra == 'notebook'
  requires_python: '>=3.7'
- pypi: https://files.pythonhosted.org/packages/c8/0a/4aca634faf693e33004796b6cee0ae2e1dba375a800c16ab8d3eff4bb800/typer_slim-0.21.1-py3-none-any.whl
  name: typer-slim
  version: 0.21.1
  sha256: 6e6c31047f171ac93cc5a973c9e617dbc5ab2bddc4d0a3135dc161b4e2020e0d
  requires_dist:
  - click>=8.0.0
  - typing-extensions>=3.7.4.3
  - shellingham>=1.3.0 ; extra == 'standard'
  - rich>=10.11.0 ; extra == 'standard'
  requires_python: '>=3.9'
- pypi: https://files.pythonhosted.org/packages/dc/9b/47798a6c91d8bdb567fe2698fe81e0c6b7cb7ef4d13da4114b41d239f65d/typing_inspection-0.4.2-py3-none-any.whl
  name: typing-inspection
  version: 0.4.2
  sha256: 4ed1cacbdc298c220f1bd249ed5287caa16f34d44ef4e9c3d0cbad5b521545e7
  requires_dist:
  - typing-extensions>=4.12.0
  requires_python: '>=3.9'
- conda: https://conda.anaconda.org/conda-forge/noarch/typing_extensions-4.15.0-pyhcf101f3_0.conda
  sha256: 032271135bca55aeb156cee361c81350c6f3fb203f57d024d7e5a1fc9ef18731
  md5: 0caa1af407ecff61170c9437a808404d
  depends:
  - python >=3.10
  - python
  license: PSF-2.0
  license_family: PSF
  purls:
  - pkg:pypi/typing-extensions?source=hash-mapping
  size: 51692
  timestamp: 1756220668932
- conda: https://conda.anaconda.org/conda-forge/noarch/tzdata-2025b-h78e105d_0.conda
  sha256: 5aaa366385d716557e365f0a4e9c3fca43ba196872abbbe3d56bb610d131e192
  md5: 4222072737ccff51314b5ece9c7d6f5a
  license: LicenseRef-Public-Domain
  purls: []
  size: 122968
  timestamp: 1742727099393
- conda: https://conda.anaconda.org/conda-forge/win-64/ucrt-10.0.26100.0-h57928b3_0.conda
  sha256: 3005729dce6f3d3f5ec91dfc49fc75a0095f9cd23bab49efb899657297ac91a5
  md5: 71b24316859acd00bdb8b38f5e2ce328
  constrains:
  - vc14_runtime >=14.29.30037
  - vs2015_runtime >=14.29.30037
  license: LicenseRef-MicrosoftWindowsSDK10
  purls: []
  size: 694692
  timestamp: 1756385147981
- pypi: https://files.pythonhosted.org/packages/39/08/aaaad47bc4e9dc8c725e68f9d04865dbcb2052843ff09c97b08904852d84/urllib3-2.6.3-py3-none-any.whl
  name: urllib3
  version: 2.6.3
  sha256: bf272323e553dfb2e87d9bfd225ca7b0f467b919d7bbd355436d3fd37cb0acd4
  requires_dist:
  - brotli>=1.2.0 ; platform_python_implementation == 'CPython' and extra == 'brotli'
  - brotlicffi>=1.2.0.0 ; platform_python_implementation != 'CPython' and extra == 'brotli'
  - h2>=4,<5 ; extra == 'h2'
  - pysocks>=1.5.6,!=1.5.7,<2.0 ; extra == 'socks'
  - backports-zstd>=1.0.0 ; python_full_version < '3.14' and extra == 'zstd'
  requires_python: '>=3.9'
- conda: https://conda.anaconda.org/conda-forge/win-64/vc-14.3-h2b53caa_32.conda
  sha256: 82250af59af9ff3c6a635dd4c4764c631d854feb334d6747d356d949af44d7cf
  md5: ef02bbe151253a72b8eda264a935db66
  depends:
  - vc14_runtime >=14.42.34433
  track_features:
  - vc14
  license: BSD-3-Clause
  license_family: BSD
  purls: []
  size: 18861
  timestamp: 1760418772353
- conda: https://conda.anaconda.org/conda-forge/win-64/vc14_runtime-14.44.35208-h818238b_32.conda
  sha256: e3a3656b70d1202e0d042811ceb743bd0d9f7e00e2acdf824d231b044ef6c0fd
  md5: 378d5dcec45eaea8d303da6f00447ac0
  depends:
  - ucrt >=10.0.20348.0
  - vcomp14 14.44.35208 h818238b_32
  constrains:
  - vs2015_runtime 14.44.35208.* *_32
  license: LicenseRef-MicrosoftVisualCpp2015-2022Runtime
  license_family: Proprietary
  purls: []
  size: 682706
  timestamp: 1760418629729
- conda: https://conda.anaconda.org/conda-forge/win-64/vcomp14-14.44.35208-h818238b_32.conda
  sha256: f3790c88fbbdc55874f41de81a4237b1b91eab75e05d0e58661518ff04d2a8a1
  md5: 58f67b437acbf2764317ba273d731f1d
  depends:
  - ucrt >=10.0.20348.0
  constrains:
  - vs2015_runtime 14.44.35208.* *_32
  license: LicenseRef-MicrosoftVisualCpp2015-2022Runtime
  license_family: Proprietary
  purls: []
  size: 114846
  timestamp: 1760418593847
- pypi: https://files.pythonhosted.org/packages/06/7c/34330a89da55610daa5f245ddce5aab81244321101614751e7537f125133/wasabi-1.1.3-py3-none-any.whl
  name: wasabi
  version: 1.1.3
  sha256: f76e16e8f7e79f8c4c8be49b4024ac725713ab10cd7f19350ad18a8e3f71728c
  requires_dist:
  - typing-extensions>=3.7.4.1,<5.0.0 ; python_full_version < '3.8'
  - colorama>=0.4.6 ; python_full_version >= '3.7' and sys_platform == 'win32'
  requires_python: '>=3.6'
- pypi: https://files.pythonhosted.org/packages/a4/74/a148b41572656904a39dfcfed3f84dd1066014eed94e209223ae8e9d088d/weasel-0.4.3-py3-none-any.whl
  name: weasel
  version: 0.4.3
  sha256: 08f65b5d0dbded4879e08a64882de9b9514753d9eaa4c4e2a576e33666ac12cf
  requires_dist:
  - confection>=0.0.4,<0.2.0
  - packaging>=20.0
  - wasabi>=0.9.1,<1.2.0
  - srsly>=2.4.3,<3.0.0
  - typer-slim>=0.3.0,<1.0.0
  - cloudpathlib>=0.7.0,<1.0.0
  - smart-open>=5.2.1,<8.0.0
  - requests>=2.13.0,<3.0.0
  - pydantic>=1.7.4,!=1.8,!=1.8.1,<3.0.0
  requires_python: '>=3.7'
- pypi: https://files.pythonhosted.org/packages/1a/38/5359da9af7d64554be63e9046164bd4d8ff289a2dd365677d25ba3342c08/wrapt-2.0.1-cp314-cp314-win_amd64.whl
  name: wrapt
  version: 2.0.1
  sha256: 4ae879acc449caa9ed43fc36ba08392b9412ee67941748d31d94e3cedb36628c
  requires_dist:
  - pytest ; extra == 'dev'
  - setuptools ; extra == 'dev'
  requires_python: '>=3.8'
- conda: https://conda.anaconda.org/conda-forge/win-64/zstd-1.5.7-h1b5488d_4.conda
  sha256: 501b08795c36ba675765627d40b0bfd7e8e4229174335fb2566fab93ab441c4a
  md5: 4fcccc053a113f5711dddf64401e9010
  depends:
  - libzlib >=1.3.1,<2.0a0
  - ucrt >=10.0.20348.0
  - vc >=14.3,<15
  - vc14_runtime >=14.44.35208
  license: BSD-3-Clause
  license_family: BSD
  purls: []
  size: 359229
  timestamp: 1764431496562
